
Microsoft Visual Studio Solution File, Format Version 12.00
# Visual Studio Version 17
VisualStudioVersion = 17.0.31912.275
MinimumVisualStudioVersion = 10.0.40219.1
Project("{9A19103F-16F7-4668-BE54-9A1E7A4F7556}") = "NewFlowChartTool", "NewFlowChartTool\NewFlowChartTool.csproj", "{E4F00A73-A797-4D65-A4FA-CD26F4957BA4}"
EndProject
Project("{9A19103F-16F7-4668-BE54-9A1E7A4F7556}") = "FlowChart", "FlowChart\FlowChart.csproj", "{CC3C9F8B-F69C-4571-94B4-58CF54ABAADB}"
EndProject
Project("{9A19103F-16F7-4668-BE54-9A1E7A4F7556}") = "ProjectFactory", "ProjectFactory\ProjectFactory.csproj", "{FE90DB58-FBCF-4CD9-9DD5-376B6D28C150}"
EndProject
Project("{9A19103F-16F7-4668-BE54-9A1E7A4F7556}") = "FlowChartTest", "FlowChartTest\FlowChartTest.csproj", "{028531A0-D9C9-45E2-A4E5-BB8413FB1F07}"
EndProject
Project("{9A19103F-16F7-4668-BE54-9A1E7A4F7556}") = "FlowChartCommon", "FlowChartCommon\FlowChartCommon.csproj", "{D791ED7D-0138-40BB-9376-0A71A597C709}"
EndProject
Project("{9A19103F-16F7-4668-BE54-9A1E7A4F7556}") = "NFCT.Themes", "NFCT.Themes\NFCT.Themes.csproj", "{2A48FC64-2647-4CD2-B652-C874B7F01897}"
EndProject
Project("{9A19103F-16F7-4668-BE54-9A1E7A4F7556}") = "NFCT.FlowChart", "NFCT.FlowChart\NFCT.FlowChart.csproj", "{AA66F757-E59A-44E0-9301-2C656A3DC911}"
EndProject
Project("{9A19103F-16F7-4668-BE54-9A1E7A4F7556}") = "NFCT.Graph", "NFCT.Graph\NFCT.Graph.csproj", "{D31FB6F7-FBFE-475B-BC00-4D00B8D9F292}"
EndProject
Project("{9A19103F-16F7-4668-BE54-9A1E7A4F7556}") = "FlowChart.Layout", "FlowChart.Layout\FlowChart.Layout.csproj", "{5417EBEA-ACB7-4B00-8A3D-78C87AC3BA31}"
EndProject
Project("{FAE04EC0-301F-11D3-BF4B-00C04F79EFBC}") = "FlowChart.Parser", "FlowChart.Parser\FlowChart.Parser.csproj", "{578E34CD-F96C-4B4E-97FB-470F377D3E93}"
EndProject
Project("{FAE04EC0-301F-11D3-BF4B-00C04F79EFBC}") = "FlowChart.AST", "FlowChart.AST\FlowChart.AST.csproj", "{F1D4C3AE-DFA4-4229-AF4D-47C2CC808BDD}"
EndProject
Global
	GlobalSection(SolutionConfigurationPlatforms) = preSolution
		Debug|Any CPU = Debug|Any CPU
		Release|Any CPU = Release|Any CPU
	EndGlobalSection
	GlobalSection(ProjectConfigurationPlatforms) = postSolution
		{E4F00A73-A797-4D65-A4FA-CD26F4957BA4}.Debug|Any CPU.ActiveCfg = Debug|Any CPU
		{E4F00A73-A797-4D65-A4FA-CD26F4957BA4}.Debug|Any CPU.Build.0 = Debug|Any CPU
		{E4F00A73-A797-4D65-A4FA-CD26F4957BA4}.Release|Any CPU.ActiveCfg = Release|Any CPU
		{E4F00A73-A797-4D65-A4FA-CD26F4957BA4}.Release|Any CPU.Build.0 = Release|Any CPU
		{CC3C9F8B-F69C-4571-94B4-58CF54ABAADB}.Debug|Any CPU.ActiveCfg = Debug|Any CPU
		{CC3C9F8B-F69C-4571-94B4-58CF54ABAADB}.Debug|Any CPU.Build.0 = Debug|Any CPU
		{CC3C9F8B-F69C-4571-94B4-58CF54ABAADB}.Release|Any CPU.ActiveCfg = Release|Any CPU
		{CC3C9F8B-F69C-4571-94B4-58CF54ABAADB}.Release|Any CPU.Build.0 = Release|Any CPU
		{FE90DB58-FBCF-4CD9-9DD5-376B6D28C150}.Debug|Any CPU.ActiveCfg = Debug|Any CPU
		{FE90DB58-FBCF-4CD9-9DD5-376B6D28C150}.Debug|Any CPU.Build.0 = Debug|Any CPU
		{FE90DB58-FBCF-4CD9-9DD5-376B6D28C150}.Release|Any CPU.ActiveCfg = Release|Any CPU
		{FE90DB58-FBCF-4CD9-9DD5-376B6D28C150}.Release|Any CPU.Build.0 = Release|Any CPU
		{028531A0-D9C9-45E2-A4E5-BB8413FB1F07}.Debug|Any CPU.ActiveCfg = Debug|Any CPU
		{028531A0-D9C9-45E2-A4E5-BB8413FB1F07}.Debug|Any CPU.Build.0 = Debug|Any CPU
		{028531A0-D9C9-45E2-A4E5-BB8413FB1F07}.Release|Any CPU.ActiveCfg = Release|Any CPU
		{028531A0-D9C9-45E2-A4E5-BB8413FB1F07}.Release|Any CPU.Build.0 = Release|Any CPU
		{D791ED7D-0138-40BB-9376-0A71A597C709}.Debug|Any CPU.ActiveCfg = Debug|Any CPU
		{D791ED7D-0138-40BB-9376-0A71A597C709}.Debug|Any CPU.Build.0 = Debug|Any CPU
		{D791ED7D-0138-40BB-9376-0A71A597C709}.Release|Any CPU.ActiveCfg = Release|Any CPU
		{D791ED7D-0138-40BB-9376-0A71A597C709}.Release|Any CPU.Build.0 = Release|Any CPU
		{2A48FC64-2647-4CD2-B652-C874B7F01897}.Debug|Any CPU.ActiveCfg = Debug|Any CPU
		{2A48FC64-2647-4CD2-B652-C874B7F01897}.Debug|Any CPU.Build.0 = Debug|Any CPU
		{2A48FC64-2647-4CD2-B652-C874B7F01897}.Release|Any CPU.ActiveCfg = Release|Any CPU
		{2A48FC64-2647-4CD2-B652-C874B7F01897}.Release|Any CPU.Build.0 = Release|Any CPU
		{AA66F757-E59A-44E0-9301-2C656A3DC911}.Debug|Any CPU.ActiveCfg = Debug|Any CPU
		{AA66F757-E59A-44E0-9301-2C656A3DC911}.Debug|Any CPU.Build.0 = Debug|Any CPU
		{AA66F757-E59A-44E0-9301-2C656A3DC911}.Release|Any CPU.ActiveCfg = Release|Any CPU
		{AA66F757-E59A-44E0-9301-2C656A3DC911}.Release|Any CPU.Build.0 = Release|Any CPU
		{D31FB6F7-FBFE-475B-BC00-4D00B8D9F292}.Debug|Any CPU.ActiveCfg = Debug|Any CPU
		{D31FB6F7-FBFE-475B-BC00-4D00B8D9F292}.Debug|Any CPU.Build.0 = Debug|Any CPU
		{D31FB6F7-FBFE-475B-BC00-4D00B8D9F292}.Release|Any CPU.ActiveCfg = Release|Any CPU
		{D31FB6F7-FBFE-475B-BC00-4D00B8D9F292}.Release|Any CPU.Build.0 = Release|Any CPU
		{5417EBEA-ACB7-4B00-8A3D-78C87AC3BA31}.Debug|Any CPU.ActiveCfg = Debug|Any CPU
		{5417EBEA-ACB7-4B00-8A3D-78C87AC3BA31}.Debug|Any CPU.Build.0 = Debug|Any CPU
		{5417EBEA-ACB7-4B00-8A3D-78C87AC3BA31}.Release|Any CPU.ActiveCfg = Release|Any CPU
		{5417EBEA-ACB7-4B00-8A3D-78C87AC3BA31}.Release|Any CPU.Build.0 = Release|Any CPU
		{578E34CD-F96C-4B4E-97FB-470F377D3E93}.Debug|Any CPU.ActiveCfg = Debug|Any CPU
		{578E34CD-F96C-4B4E-97FB-470F377D3E93}.Debug|Any CPU.Build.0 = Debug|Any CPU
		{578E34CD-F96C-4B4E-97FB-470F377D3E93}.Release|Any CPU.ActiveCfg = Release|Any CPU
		{578E34CD-F96C-4B4E-97FB-470F377D3E93}.Release|Any CPU.Build.0 = Release|Any CPU
		{F1D4C3AE-DFA4-4229-AF4D-47C2CC808BDD}.Debug|Any CPU.ActiveCfg = Debug|Any CPU
		{F1D4C3AE-DFA4-4229-AF4D-47C2CC808BDD}.Debug|Any CPU.Build.0 = Debug|Any CPU
		{F1D4C3AE-DFA4-4229-AF4D-47C2CC808BDD}.Release|Any CPU.ActiveCfg = Release|Any CPU
		{F1D4C3AE-DFA4-4229-AF4D-47C2CC808BDD}.Release|Any CPU.Build.0 = Release|Any CPU
	EndGlobalSection
	GlobalSection(SolutionProperties) = preSolution
		HideSolutionNode = FALSE
	EndGlobalSection
	GlobalSection(ExtensibilityGlobals) = postSolution
		SolutionGuid = {B9844D40-C0A0-409F-95FB-9E7F64F123C9}
	EndGlobalSection
EndGlobal
